
Microsoft Visual Studio Solution File, Format Version 12.00
# Visual Studio 15
VisualStudioVersion = 15.0.27004.2006
MinimumVisualStudioVersion = 10.0.40219.1
Project("{FAE04EC0-301F-11D3-BF4B-00C04F79EFBC}") = "ShortcutHotkeysExample", "ShortcutHotkeysExample\ShortcutHotkeysExample.csproj", "{1EA4D6E3-5C0C-4AC0-B3BF-35D57658C8F2}"
EndProject
Global
	GlobalSection(SolutionConfigurationPlatforms) = preSolution
		Debug|Any CPU = Debug|Any CPU
		Release|Any CPU = Release|Any CPU
	EndGlobalSection
	GlobalSection(ProjectConfigurationPlatforms) = postSolution
		{1EA4D6E3-5C0C-4AC0-B3BF-35D57658C8F2}.Debug|Any CPU.ActiveCfg = Debug|Any CPU
		{1EA4D6E3-5C0C-4AC0-B3BF-35D57658C8F2}.Debug|Any CPU.Build.0 = Debug|Any CPU
		{1EA4D6E3-5C0C-4AC0-B3BF-35D57658C8F2}.Release|Any CPU.ActiveCfg = Release|Any CPU
		{1EA4D6E3-5C0C-4AC0-B3BF-35D57658C8F2}.Release|Any CPU.Build.0 = Release|Any CPU
	EndGlobalSection
	GlobalSection(SolutionProperties) = preSolution
		HideSolutionNode = FALSE
	EndGlobalSection
	GlobalSection(ExtensibilityGlobals) = postSolution
		SolutionGuid = {38EB0284-7EA4-4D1E-B049-1F47FB67D458}
	EndGlobalSection
EndGlobal
